
Microsoft Visual Studio Solution File, Format Version 12.00
Project("{FAE04EC0-301F-11D3-BF4B-00C04F79EFBC}") = "CombatCompanion.Web", "CombatCompanion.Web\CombatCompanion.Web.csproj", "{1904D3A2-9F33-4FC5-B76E-DDA68620380E}"
EndProject
Global
	GlobalSection(SolutionConfigurationPlatforms) = preSolution
		Debug|Any CPU = Debug|Any CPU
		Release|Any CPU = Release|Any CPU
	EndGlobalSection
	GlobalSection(ProjectConfigurationPlatforms) = postSolution
		{1904D3A2-9F33-4FC5-B76E-DDA68620380E}.Debug|Any CPU.ActiveCfg = Debug|Any CPU
		{1904D3A2-9F33-4FC5-B76E-DDA68620380E}.Debug|Any CPU.Build.0 = Debug|Any CPU
		{1904D3A2-9F33-4FC5-B76E-DDA68620380E}.Release|Any CPU.ActiveCfg = Release|Any CPU
		{1904D3A2-9F33-4FC5-B76E-DDA68620380E}.Release|Any CPU.Build.0 = Release|Any CPU
	EndGlobalSection
EndGlobal
